
Microsoft Visual Studio Solution File, Format Version 12.00
# Visual Studio 15
VisualStudioVersion = 15.0.28307.960
MinimumVisualStudioVersion = 10.0.40219.1
Project("{FAE04EC0-301F-11D3-BF4B-00C04F79EFBC}") = "PollAPI", "PollAPI\PollAPI.csproj", "{9237EED9-B252-4DA3-8AFC-94DBF5422AE0}"
EndProject
Global
	GlobalSection(SolutionConfigurationPlatforms) = preSolution
		Debug|Any CPU = Debug|Any CPU
		Release|Any CPU = Release|Any CPU
	EndGlobalSection
	GlobalSection(ProjectConfigurationPlatforms) = postSolution
		{9237EED9-B252-4DA3-8AFC-94DBF5422AE0}.Debug|Any CPU.ActiveCfg = Debug|Any CPU
		{9237EED9-B252-4DA3-8AFC-94DBF5422AE0}.Debug|Any CPU.Build.0 = Debug|Any CPU
		{9237EED9-B252-4DA3-8AFC-94DBF5422AE0}.Release|Any CPU.ActiveCfg = Release|Any CPU
		{9237EED9-B252-4DA3-8AFC-94DBF5422AE0}.Release|Any CPU.Build.0 = Release|Any CPU
	EndGlobalSection
	GlobalSection(SolutionProperties) = preSolution
		HideSolutionNode = FALSE
	EndGlobalSection
	GlobalSection(ExtensibilityGlobals) = postSolution
		SolutionGuid = {64E31D3D-1AC2-437F-8563-6F9176AF3496}
	EndGlobalSection
EndGlobal
